
Microsoft Visual Studio Solution File, Format Version 12.00
# Visual Studio Version 17
VisualStudioVersion = 17.9.34728.123
MinimumVisualStudioVersion = 10.0.40219.1
Project("{FAE04EC0-301F-11D3-BF4B-00C04F79EFBC}") = "Sumitemp", "Sumitemp\Sumitemp.csproj", "{C58644FA-6533-4AEE-8A75-37BB135A7D63}"
EndProject
Project("{FAE04EC0-301F-11D3-BF4B-00C04F79EFBC}") = "Repository", "Repository\Repository.csproj", "{2AD97787-D97A-4C0A-A025-E5AAA119420B}"
EndProject
Project("{FAE04EC0-301F-11D3-BF4B-00C04F79EFBC}") = "Logic", "Logic\Logic.csproj", "{001BB7B0-ADCB-4C2C-8232-51D589DDDEDF}"
EndProject
Project("{FAE04EC0-301F-11D3-BF4B-00C04F79EFBC}") = "Entities", "Entities\Entities.csproj", "{6B306CAB-ACD1-479A-B721-7723C8BE5C9D}"
EndProject
Project("{FAE04EC0-301F-11D3-BF4B-00C04F79EFBC}") = "DataTransferObjects", "DataTransferObjects\DataTransferObjects.csproj", "{9FFBB1D4-C05F-48F4-ABDC-057A0BE61047}"
EndProject
Global
	GlobalSection(SolutionConfigurationPlatforms) = preSolution
		Debug|Any CPU = Debug|Any CPU
		Release|Any CPU = Release|Any CPU
	EndGlobalSection
	GlobalSection(ProjectConfigurationPlatforms) = postSolution
		{C58644FA-6533-4AEE-8A75-37BB135A7D63}.Debug|Any CPU.ActiveCfg = Debug|Any CPU
		{C58644FA-6533-4AEE-8A75-37BB135A7D63}.Debug|Any CPU.Build.0 = Debug|Any CPU
		{C58644FA-6533-4AEE-8A75-37BB135A7D63}.Release|Any CPU.ActiveCfg = Release|Any CPU
		{C58644FA-6533-4AEE-8A75-37BB135A7D63}.Release|Any CPU.Build.0 = Release|Any CPU
		{2AD97787-D97A-4C0A-A025-E5AAA119420B}.Debug|Any CPU.ActiveCfg = Debug|Any CPU
		{2AD97787-D97A-4C0A-A025-E5AAA119420B}.Debug|Any CPU.Build.0 = Debug|Any CPU
		{2AD97787-D97A-4C0A-A025-E5AAA119420B}.Release|Any CPU.ActiveCfg = Release|Any CPU
		{2AD97787-D97A-4C0A-A025-E5AAA119420B}.Release|Any CPU.Build.0 = Release|Any CPU
		{001BB7B0-ADCB-4C2C-8232-51D589DDDEDF}.Debug|Any CPU.ActiveCfg = Debug|Any CPU
		{001BB7B0-ADCB-4C2C-8232-51D589DDDEDF}.Debug|Any CPU.Build.0 = Debug|Any CPU
		{001BB7B0-ADCB-4C2C-8232-51D589DDDEDF}.Release|Any CPU.ActiveCfg = Release|Any CPU
		{001BB7B0-ADCB-4C2C-8232-51D589DDDEDF}.Release|Any CPU.Build.0 = Release|Any CPU
		{6B306CAB-ACD1-479A-B721-7723C8BE5C9D}.Debug|Any CPU.ActiveCfg = Debug|Any CPU
		{6B306CAB-ACD1-479A-B721-7723C8BE5C9D}.Debug|Any CPU.Build.0 = Debug|Any CPU
		{6B306CAB-ACD1-479A-B721-7723C8BE5C9D}.Release|Any CPU.ActiveCfg = Release|Any CPU
		{6B306CAB-ACD1-479A-B721-7723C8BE5C9D}.Release|Any CPU.Build.0 = Release|Any CPU
		{9FFBB1D4-C05F-48F4-ABDC-057A0BE61047}.Debug|Any CPU.ActiveCfg = Debug|Any CPU
		{9FFBB1D4-C05F-48F4-ABDC-057A0BE61047}.Debug|Any CPU.Build.0 = Debug|Any CPU
		{9FFBB1D4-C05F-48F4-ABDC-057A0BE61047}.Release|Any CPU.ActiveCfg = Release|Any CPU
		{9FFBB1D4-C05F-48F4-ABDC-057A0BE61047}.Release|Any CPU.Build.0 = Release|Any CPU
	EndGlobalSection
	GlobalSection(SolutionProperties) = preSolution
		HideSolutionNode = FALSE
	EndGlobalSection
	GlobalSection(ExtensibilityGlobals) = postSolution
		SolutionGuid = {FAE3A239-AB1B-42F6-BE9A-E71D5FD2A8A0}
	EndGlobalSection
EndGlobal
